{
  "name": "Labsy",
  "lockfileVersion": 3,
  "requires": true,
  "packages": {
    "": {
      "dependencies": {
        "lucide": "^0.547.0"
      }
    },
    "node_modules/lucide": {
      "version": "0.547.0",
      "resolved": "https://registry.npmjs.org/lucide/-/lucide-0.547.0.tgz",
      "integrity": "sha512-cagdLpi+15y9G/Xbby2JLZo4khFKQ1iQ/4s/iwp5Vaz+NV0XX53gvQ81V49Gi8bomq+CJijSV7J2yCovxvcsSA==",
      "license": "ISC"
    }
  }
}
